
Microsoft Visual Studio Solution File, Format Version 12.00
# Visual Studio Version 16
VisualStudioVersion = 16.0.31605.320
MinimumVisualStudioVersion = 10.0.40219.1
Project("{FAE04EC0-301F-11D3-BF4B-00C04F79EFBC}") = "CRUD-TRUCK", "CRUD-TRUCK\CRUD-TRUCK.csproj", "{73CF1238-C44C-44F4-A945-8D5C8EA185EE}"
EndProject
Global
	GlobalSection(SolutionConfigurationPlatforms) = preSolution
		Debug|Any CPU = Debug|Any CPU
		Release|Any CPU = Release|Any CPU
	EndGlobalSection
	GlobalSection(ProjectConfigurationPlatforms) = postSolution
		{73CF1238-C44C-44F4-A945-8D5C8EA185EE}.Debug|Any CPU.ActiveCfg = Debug|Any CPU
		{73CF1238-C44C-44F4-A945-8D5C8EA185EE}.Debug|Any CPU.Build.0 = Debug|Any CPU
		{73CF1238-C44C-44F4-A945-8D5C8EA185EE}.Release|Any CPU.ActiveCfg = Release|Any CPU
		{73CF1238-C44C-44F4-A945-8D5C8EA185EE}.Release|Any CPU.Build.0 = Release|Any CPU
	EndGlobalSection
	GlobalSection(SolutionProperties) = preSolution
		HideSolutionNode = FALSE
	EndGlobalSection
	GlobalSection(ExtensibilityGlobals) = postSolution
		SolutionGuid = {AAB27CA4-09CE-46D8-97B8-BAB8489BF2AC}
	EndGlobalSection
EndGlobal
